
Microsoft Visual Studio Solution File, Format Version 12.00
# Visual Studio Version 17
VisualStudioVersion = 17.12.35527.113
MinimumVisualStudioVersion = 10.0.40219.1
Project("{FAE04EC0-301F-11D3-BF4B-00C04F79EFBC}") = "Polindrome", "LetcodeProblems\Polindrome.csproj", "{419DF604-9F5B-414F-A668-DB0228611969}"
EndProject
Project("{FAE04EC0-301F-11D3-BF4B-00C04F79EFBC}") = "RomanToInt", "RomanToInt\RomanToInt.csproj", "{8667A05B-7A32-4E63-A256-7625DDFA38E4}"
EndProject
Project("{FAE04EC0-301F-11D3-BF4B-00C04F79EFBC}") = "LongostCommonPrefix", "LongostCommonPrefix\LongostCommonPrefix.csproj", "{A6D70D9A-4337-4348-8580-B29F38BF561E}"
EndProject
Project("{FAE04EC0-301F-11D3-BF4B-00C04F79EFBC}") = "Valid Parentheses", "Valid Parentheses\Valid Parentheses.csproj", "{F5F8818D-3C74-4725-A8BB-12D8BF0897D0}"
EndProject
Project("{FAE04EC0-301F-11D3-BF4B-00C04F79EFBC}") = "MergeTwoSortedList", "MergeTwoSortedList\MergeTwoSortedList.csproj", "{3F3EDA2F-6A05-4831-984C-B809D01836AD}"
EndProject
Project("{FAE04EC0-301F-11D3-BF4B-00C04F79EFBC}") = "RemoveDuplicatesFromSortedArray", "RemoveDuplicatesFromSortedArray\RemoveDuplicatesFromSortedArray.csproj", "{3D1DF26A-B312-4B73-9A43-DE951FF2A55F}"
EndProject
Project("{FAE04EC0-301F-11D3-BF4B-00C04F79EFBC}") = "RemoveElement", "RemoveElement\RemoveElement.csproj", "{FE34D27C-1A95-4A26-A4C6-775FF0C01297}"
EndProject
Project("{FAE04EC0-301F-11D3-BF4B-00C04F79EFBC}") = "FindTheIndex", "FindTheIndex\FindTheIndex.csproj", "{7BCF084D-5630-487C-9B8D-06F2D87B7F1F}"
EndProject
Project("{FAE04EC0-301F-11D3-BF4B-00C04F79EFBC}") = "SearchInsertPosition", "SearchInsertPosition\SearchInsertPosition.csproj", "{A460CB73-ABA2-4497-9497-12D4BCBE7DA1}"
EndProject
Project("{FAE04EC0-301F-11D3-BF4B-00C04F79EFBC}") = "LengthOfLastWord", "LengthOfLastWord\LengthOfLastWord.csproj", "{538FD93F-75CD-4148-A7D3-825B91FDDD93}"
EndProject
Project("{FAE04EC0-301F-11D3-BF4B-00C04F79EFBC}") = "PlusOne", "PlusOne\PlusOne.csproj", "{746F7BDE-31DF-4D6D-82DA-29675A0E09BE}"
EndProject
Project("{FAE04EC0-301F-11D3-BF4B-00C04F79EFBC}") = "AddBinary", "AddBinary\AddBinary.csproj", "{241D2F2D-302B-486F-BA4E-304C426A34E1}"
EndProject
Project("{FAE04EC0-301F-11D3-BF4B-00C04F79EFBC}") = "Sqrt", "Sqrt\Sqrt.csproj", "{9F97C3DB-D41C-411F-B78D-30FC2DED6363}"
EndProject
Project("{FAE04EC0-301F-11D3-BF4B-00C04F79EFBC}") = "ClimbingStairs", "ClimbingStairs\ClimbingStairs.csproj", "{CABD27A7-57B8-4B36-9129-9EB08DAEA81A}"
EndProject
Project("{FAE04EC0-301F-11D3-BF4B-00C04F79EFBC}") = "RemoveDuplicateFromSortedList", "RemoveDuplicateFromSortedList\RemoveDuplicateFromSortedList.csproj", "{F07EA9CA-BB43-4FED-B269-4E8E0EB078A5}"
EndProject
Project("{FAE04EC0-301F-11D3-BF4B-00C04F79EFBC}") = "MergeSortedArray", "MergeSortedArray\MergeSortedArray.csproj", "{94481121-79BC-405E-BA79-36F554300E57}"
EndProject
Project("{FAE04EC0-301F-11D3-BF4B-00C04F79EFBC}") = "BinaryTreeInorderTraversal", "BinaryTreeInorderTraversal\BinaryTreeInorderTraversal.csproj", "{795AF902-1F7B-49B8-BB4E-951FF3BC9DD6}"
EndProject
Project("{FAE04EC0-301F-11D3-BF4B-00C04F79EFBC}") = "SameTree", "SameTree\SameTree.csproj", "{D97B302C-7F88-41DD-8A45-F0B939BA9CC1}"
EndProject
Project("{FAE04EC0-301F-11D3-BF4B-00C04F79EFBC}") = "SymmetricTree", "SymmetricTree\SymmetricTree.csproj", "{8E0BECF1-227E-40AE-9F26-4DF023D1D91F}"
EndProject
Project("{FAE04EC0-301F-11D3-BF4B-00C04F79EFBC}") = "MaximumDepthOfBinaryTree", "MaximumDepthOfBinaryTree\MaximumDepthOfBinaryTree.csproj", "{A79A86E2-8993-4194-A068-9956F135D437}"
EndProject
Project("{FAE04EC0-301F-11D3-BF4B-00C04F79EFBC}") = "AddTwoNumbers", "AddTwoNumbers\AddTwoNumbers.csproj", "{48211C49-6133-42C2-9794-A36C441E9005}"
EndProject
Project("{FAE04EC0-301F-11D3-BF4B-00C04F79EFBC}") = "ConvertSortedArraytoBinarySearchTree", "ConvertSortedArraytoBinarySearchTree\ConvertSortedArraytoBinarySearchTree.csproj", "{F610CD1C-AA94-4575-9787-C26FD0E3D1D8}"
EndProject
Project("{FAE04EC0-301F-11D3-BF4B-00C04F79EFBC}") = "ToeplitzMatrix", "ToeplitzMatrix\ToeplitzMatrix.csproj", "{58FDF686-7A4A-4DDA-A7E6-FF3350647865}"
EndProject
Project("{FAE04EC0-301F-11D3-BF4B-00C04F79EFBC}") = "PascalsTriangle", "PascalsTriangle\PascalsTriangle.csproj", "{D99F478B-1FE3-42FC-8B0F-CA62C44EFC76}"
EndProject
Project("{FAE04EC0-301F-11D3-BF4B-00C04F79EFBC}") = "SingleNumber", "SingleNumber\SingleNumber.csproj", "{7A77555F-5533-4B54-BEE8-2DFF150185DA}"
EndProject
Project("{FAE04EC0-301F-11D3-BF4B-00C04F79EFBC}") = "TrappingRainWater", "TrappingRainWater\TrappingRainWater.csproj", "{4C453C74-7410-4AF5-993A-ECD77D8ED4B7}"
EndProject
Project("{FAE04EC0-301F-11D3-BF4B-00C04F79EFBC}") = "ScoreOfAString", "ScoreOfAString\ScoreOfAString.csproj", "{8414DA19-E02C-4327-BF3C-B7C5BB7AFAA6}"
EndProject
Project("{FAE04EC0-301F-11D3-BF4B-00C04F79EFBC}") = "Numberof1Bits", "Numberof1Bits\Numberof1Bits.csproj", "{DE7320FA-39AA-4D78-8311-8D8391C4C098}"
EndProject
Project("{FAE04EC0-301F-11D3-BF4B-00C04F79EFBC}") = "IntersectionofTwoArrays", "IntersectionofTwoArrays\IntersectionofTwoArrays.csproj", "{F5E3DEE4-029A-4FD8-98B1-B5DD614A675D}"
EndProject
Project("{FAE04EC0-301F-11D3-BF4B-00C04F79EFBC}") = "CountTheNumberOfConsistentStrings", "CountTheNumberOfConsistentStrings\CountTheNumberOfConsistentStrings.csproj", "{CB60564C-137A-4611-A407-BF833977DCA4}"
EndProject
Project("{FAE04EC0-301F-11D3-BF4B-00C04F79EFBC}") = "Subsets", "Subsets\Subsets.csproj", "{97B0DD20-AD13-43A2-904F-A8363C744A52}"
EndProject
Project("{FAE04EC0-301F-11D3-BF4B-00C04F79EFBC}") = "RevealCardsInIncreasingOrder", "RevealCardsInIncreasingOrder\RevealCardsInIncreasingOrder.csproj", "{E84EEBE8-F0A0-4465-9CCE-709E7A2A5932}"
EndProject
Global
	GlobalSection(SolutionConfigurationPlatforms) = preSolution
		Debug|Any CPU = Debug|Any CPU
		Release|Any CPU = Release|Any CPU
	EndGlobalSection
	GlobalSection(ProjectConfigurationPlatforms) = postSolution
		{419DF604-9F5B-414F-A668-DB0228611969}.Debug|Any CPU.ActiveCfg = Debug|Any CPU
		{419DF604-9F5B-414F-A668-DB0228611969}.Debug|Any CPU.Build.0 = Debug|Any CPU
		{419DF604-9F5B-414F-A668-DB0228611969}.Release|Any CPU.ActiveCfg = Release|Any CPU
		{419DF604-9F5B-414F-A668-DB0228611969}.Release|Any CPU.Build.0 = Release|Any CPU
		{8667A05B-7A32-4E63-A256-7625DDFA38E4}.Debug|Any CPU.ActiveCfg = Debug|Any CPU
		{8667A05B-7A32-4E63-A256-7625DDFA38E4}.Debug|Any CPU.Build.0 = Debug|Any CPU
		{8667A05B-7A32-4E63-A256-7625DDFA38E4}.Release|Any CPU.ActiveCfg = Release|Any CPU
		{8667A05B-7A32-4E63-A256-7625DDFA38E4}.Release|Any CPU.Build.0 = Release|Any CPU
		{A6D70D9A-4337-4348-8580-B29F38BF561E}.Debug|Any CPU.ActiveCfg = Debug|Any CPU
		{A6D70D9A-4337-4348-8580-B29F38BF561E}.Debug|Any CPU.Build.0 = Debug|Any CPU
		{A6D70D9A-4337-4348-8580-B29F38BF561E}.Release|Any CPU.ActiveCfg = Release|Any CPU
		{A6D70D9A-4337-4348-8580-B29F38BF561E}.Release|Any CPU.Build.0 = Release|Any CPU
		{F5F8818D-3C74-4725-A8BB-12D8BF0897D0}.Debug|Any CPU.ActiveCfg = Debug|Any CPU
		{F5F8818D-3C74-4725-A8BB-12D8BF0897D0}.Debug|Any CPU.Build.0 = Debug|Any CPU
		{F5F8818D-3C74-4725-A8BB-12D8BF0897D0}.Release|Any CPU.ActiveCfg = Release|Any CPU
		{F5F8818D-3C74-4725-A8BB-12D8BF0897D0}.Release|Any CPU.Build.0 = Release|Any CPU
		{3F3EDA2F-6A05-4831-984C-B809D01836AD}.Debug|Any CPU.ActiveCfg = Debug|Any CPU
		{3F3EDA2F-6A05-4831-984C-B809D01836AD}.Debug|Any CPU.Build.0 = Debug|Any CPU
		{3F3EDA2F-6A05-4831-984C-B809D01836AD}.Release|Any CPU.ActiveCfg = Release|Any CPU
		{3F3EDA2F-6A05-4831-984C-B809D01836AD}.Release|Any CPU.Build.0 = Release|Any CPU
		{3D1DF26A-B312-4B73-9A43-DE951FF2A55F}.Debug|Any CPU.ActiveCfg = Debug|Any CPU
		{3D1DF26A-B312-4B73-9A43-DE951FF2A55F}.Debug|Any CPU.Build.0 = Debug|Any CPU
		{3D1DF26A-B312-4B73-9A43-DE951FF2A55F}.Release|Any CPU.ActiveCfg = Release|Any CPU
		{3D1DF26A-B312-4B73-9A43-DE951FF2A55F}.Release|Any CPU.Build.0 = Release|Any CPU
		{FE34D27C-1A95-4A26-A4C6-775FF0C01297}.Debug|Any CPU.ActiveCfg = Debug|Any CPU
		{FE34D27C-1A95-4A26-A4C6-775FF0C01297}.Debug|Any CPU.Build.0 = Debug|Any CPU
		{FE34D27C-1A95-4A26-A4C6-775FF0C01297}.Release|Any CPU.ActiveCfg = Release|Any CPU
		{FE34D27C-1A95-4A26-A4C6-775FF0C01297}.Release|Any CPU.Build.0 = Release|Any CPU
		{7BCF084D-5630-487C-9B8D-06F2D87B7F1F}.Debug|Any CPU.ActiveCfg = Debug|Any CPU
		{7BCF084D-5630-487C-9B8D-06F2D87B7F1F}.Debug|Any CPU.Build.0 = Debug|Any CPU
		{7BCF084D-5630-487C-9B8D-06F2D87B7F1F}.Release|Any CPU.ActiveCfg = Release|Any CPU
		{7BCF084D-5630-487C-9B8D-06F2D87B7F1F}.Release|Any CPU.Build.0 = Release|Any CPU
		{A460CB73-ABA2-4497-9497-12D4BCBE7DA1}.Debug|Any CPU.ActiveCfg = Debug|Any CPU
		{A460CB73-ABA2-4497-9497-12D4BCBE7DA1}.Debug|Any CPU.Build.0 = Debug|Any CPU
		{A460CB73-ABA2-4497-9497-12D4BCBE7DA1}.Release|Any CPU.ActiveCfg = Release|Any CPU
		{A460CB73-ABA2-4497-9497-12D4BCBE7DA1}.Release|Any CPU.Build.0 = Release|Any CPU
		{538FD93F-75CD-4148-A7D3-825B91FDDD93}.Debug|Any CPU.ActiveCfg = Debug|Any CPU
		{538FD93F-75CD-4148-A7D3-825B91FDDD93}.Debug|Any CPU.Build.0 = Debug|Any CPU
		{538FD93F-75CD-4148-A7D3-825B91FDDD93}.Release|Any CPU.ActiveCfg = Release|Any CPU
		{538FD93F-75CD-4148-A7D3-825B91FDDD93}.Release|Any CPU.Build.0 = Release|Any CPU
		{746F7BDE-31DF-4D6D-82DA-29675A0E09BE}.Debug|Any CPU.ActiveCfg = Debug|Any CPU
		{746F7BDE-31DF-4D6D-82DA-29675A0E09BE}.Debug|Any CPU.Build.0 = Debug|Any CPU
		{746F7BDE-31DF-4D6D-82DA-29675A0E09BE}.Release|Any CPU.ActiveCfg = Release|Any CPU
		{746F7BDE-31DF-4D6D-82DA-29675A0E09BE}.Release|Any CPU.Build.0 = Release|Any CPU
		{241D2F2D-302B-486F-BA4E-304C426A34E1}.Debug|Any CPU.ActiveCfg = Debug|Any CPU
		{241D2F2D-302B-486F-BA4E-304C426A34E1}.Debug|Any CPU.Build.0 = Debug|Any CPU
		{241D2F2D-302B-486F-BA4E-304C426A34E1}.Release|Any CPU.ActiveCfg = Release|Any CPU
		{241D2F2D-302B-486F-BA4E-304C426A34E1}.Release|Any CPU.Build.0 = Release|Any CPU
		{9F97C3DB-D41C-411F-B78D-30FC2DED6363}.Debug|Any CPU.ActiveCfg = Debug|Any CPU
		{9F97C3DB-D41C-411F-B78D-30FC2DED6363}.Debug|Any CPU.Build.0 = Debug|Any CPU
		{9F97C3DB-D41C-411F-B78D-30FC2DED6363}.Release|Any CPU.ActiveCfg = Release|Any CPU
		{9F97C3DB-D41C-411F-B78D-30FC2DED6363}.Release|Any CPU.Build.0 = Release|Any CPU
		{CABD27A7-57B8-4B36-9129-9EB08DAEA81A}.Debug|Any CPU.ActiveCfg = Debug|Any CPU
		{CABD27A7-57B8-4B36-9129-9EB08DAEA81A}.Debug|Any CPU.Build.0 = Debug|Any CPU
		{CABD27A7-57B8-4B36-9129-9EB08DAEA81A}.Release|Any CPU.ActiveCfg = Release|Any CPU
		{CABD27A7-57B8-4B36-9129-9EB08DAEA81A}.Release|Any CPU.Build.0 = Release|Any CPU
		{F07EA9CA-BB43-4FED-B269-4E8E0EB078A5}.Debug|Any CPU.ActiveCfg = Debug|Any CPU
		{F07EA9CA-BB43-4FED-B269-4E8E0EB078A5}.Debug|Any CPU.Build.0 = Debug|Any CPU
		{F07EA9CA-BB43-4FED-B269-4E8E0EB078A5}.Release|Any CPU.ActiveCfg = Release|Any CPU
		{F07EA9CA-BB43-4FED-B269-4E8E0EB078A5}.Release|Any CPU.Build.0 = Release|Any CPU
		{94481121-79BC-405E-BA79-36F554300E57}.Debug|Any CPU.ActiveCfg = Debug|Any CPU
		{94481121-79BC-405E-BA79-36F554300E57}.Debug|Any CPU.Build.0 = Debug|Any CPU
		{94481121-79BC-405E-BA79-36F554300E57}.Release|Any CPU.ActiveCfg = Release|Any CPU
		{94481121-79BC-405E-BA79-36F554300E57}.Release|Any CPU.Build.0 = Release|Any CPU
		{795AF902-1F7B-49B8-BB4E-951FF3BC9DD6}.Debug|Any CPU.ActiveCfg = Debug|Any CPU
		{795AF902-1F7B-49B8-BB4E-951FF3BC9DD6}.Debug|Any CPU.Build.0 = Debug|Any CPU
		{795AF902-1F7B-49B8-BB4E-951FF3BC9DD6}.Release|Any CPU.ActiveCfg = Release|Any CPU
		{795AF902-1F7B-49B8-BB4E-951FF3BC9DD6}.Release|Any CPU.Build.0 = Release|Any CPU
		{D97B302C-7F88-41DD-8A45-F0B939BA9CC1}.Debug|Any CPU.ActiveCfg = Debug|Any CPU
		{D97B302C-7F88-41DD-8A45-F0B939BA9CC1}.Debug|Any CPU.Build.0 = Debug|Any CPU
		{D97B302C-7F88-41DD-8A45-F0B939BA9CC1}.Release|Any CPU.ActiveCfg = Release|Any CPU
		{D97B302C-7F88-41DD-8A45-F0B939BA9CC1}.Release|Any CPU.Build.0 = Release|Any CPU
		{8E0BECF1-227E-40AE-9F26-4DF023D1D91F}.Debug|Any CPU.ActiveCfg = Debug|Any CPU
		{8E0BECF1-227E-40AE-9F26-4DF023D1D91F}.Debug|Any CPU.Build.0 = Debug|Any CPU
		{8E0BECF1-227E-40AE-9F26-4DF023D1D91F}.Release|Any CPU.ActiveCfg = Release|Any CPU
		{8E0BECF1-227E-40AE-9F26-4DF023D1D91F}.Release|Any CPU.Build.0 = Release|Any CPU
		{A79A86E2-8993-4194-A068-9956F135D437}.Debug|Any CPU.ActiveCfg = Debug|Any CPU
		{A79A86E2-8993-4194-A068-9956F135D437}.Debug|Any CPU.Build.0 = Debug|Any CPU
		{A79A86E2-8993-4194-A068-9956F135D437}.Release|Any CPU.ActiveCfg = Release|Any CPU
		{A79A86E2-8993-4194-A068-9956F135D437}.Release|Any CPU.Build.0 = Release|Any CPU
		{48211C49-6133-42C2-9794-A36C441E9005}.Debug|Any CPU.ActiveCfg = Debug|Any CPU
		{48211C49-6133-42C2-9794-A36C441E9005}.Debug|Any CPU.Build.0 = Debug|Any CPU
		{48211C49-6133-42C2-9794-A36C441E9005}.Release|Any CPU.ActiveCfg = Release|Any CPU
		{48211C49-6133-42C2-9794-A36C441E9005}.Release|Any CPU.Build.0 = Release|Any CPU
		{F610CD1C-AA94-4575-9787-C26FD0E3D1D8}.Debug|Any CPU.ActiveCfg = Debug|Any CPU
		{F610CD1C-AA94-4575-9787-C26FD0E3D1D8}.Debug|Any CPU.Build.0 = Debug|Any CPU
		{F610CD1C-AA94-4575-9787-C26FD0E3D1D8}.Release|Any CPU.ActiveCfg = Release|Any CPU
		{F610CD1C-AA94-4575-9787-C26FD0E3D1D8}.Release|Any CPU.Build.0 = Release|Any CPU
		{58FDF686-7A4A-4DDA-A7E6-FF3350647865}.Debug|Any CPU.ActiveCfg = Debug|Any CPU
		{58FDF686-7A4A-4DDA-A7E6-FF3350647865}.Debug|Any CPU.Build.0 = Debug|Any CPU
		{58FDF686-7A4A-4DDA-A7E6-FF3350647865}.Release|Any CPU.ActiveCfg = Release|Any CPU
		{58FDF686-7A4A-4DDA-A7E6-FF3350647865}.Release|Any CPU.Build.0 = Release|Any CPU
		{D99F478B-1FE3-42FC-8B0F-CA62C44EFC76}.Debug|Any CPU.ActiveCfg = Debug|Any CPU
		{D99F478B-1FE3-42FC-8B0F-CA62C44EFC76}.Debug|Any CPU.Build.0 = Debug|Any CPU
		{D99F478B-1FE3-42FC-8B0F-CA62C44EFC76}.Release|Any CPU.ActiveCfg = Release|Any CPU
		{D99F478B-1FE3-42FC-8B0F-CA62C44EFC76}.Release|Any CPU.Build.0 = Release|Any CPU
		{7A77555F-5533-4B54-BEE8-2DFF150185DA}.Debug|Any CPU.ActiveCfg = Debug|Any CPU
		{7A77555F-5533-4B54-BEE8-2DFF150185DA}.Debug|Any CPU.Build.0 = Debug|Any CPU
		{7A77555F-5533-4B54-BEE8-2DFF150185DA}.Release|Any CPU.ActiveCfg = Release|Any CPU
		{7A77555F-5533-4B54-BEE8-2DFF150185DA}.Release|Any CPU.Build.0 = Release|Any CPU
		{4C453C74-7410-4AF5-993A-ECD77D8ED4B7}.Debug|Any CPU.ActiveCfg = Debug|Any CPU
		{4C453C74-7410-4AF5-993A-ECD77D8ED4B7}.Debug|Any CPU.Build.0 = Debug|Any CPU
		{4C453C74-7410-4AF5-993A-ECD77D8ED4B7}.Release|Any CPU.ActiveCfg = Release|Any CPU
		{4C453C74-7410-4AF5-993A-ECD77D8ED4B7}.Release|Any CPU.Build.0 = Release|Any CPU
		{8414DA19-E02C-4327-BF3C-B7C5BB7AFAA6}.Debug|Any CPU.ActiveCfg = Debug|Any CPU
		{8414DA19-E02C-4327-BF3C-B7C5BB7AFAA6}.Debug|Any CPU.Build.0 = Debug|Any CPU
		{8414DA19-E02C-4327-BF3C-B7C5BB7AFAA6}.Release|Any CPU.ActiveCfg = Release|Any CPU
		{8414DA19-E02C-4327-BF3C-B7C5BB7AFAA6}.Release|Any CPU.Build.0 = Release|Any CPU
		{DE7320FA-39AA-4D78-8311-8D8391C4C098}.Debug|Any CPU.ActiveCfg = Debug|Any CPU
		{DE7320FA-39AA-4D78-8311-8D8391C4C098}.Debug|Any CPU.Build.0 = Debug|Any CPU
		{DE7320FA-39AA-4D78-8311-8D8391C4C098}.Release|Any CPU.ActiveCfg = Release|Any CPU
		{DE7320FA-39AA-4D78-8311-8D8391C4C098}.Release|Any CPU.Build.0 = Release|Any CPU
		{F5E3DEE4-029A-4FD8-98B1-B5DD614A675D}.Debug|Any CPU.ActiveCfg = Debug|Any CPU
		{F5E3DEE4-029A-4FD8-98B1-B5DD614A675D}.Debug|Any CPU.Build.0 = Debug|Any CPU
		{F5E3DEE4-029A-4FD8-98B1-B5DD614A675D}.Release|Any CPU.ActiveCfg = Release|Any CPU
		{F5E3DEE4-029A-4FD8-98B1-B5DD614A675D}.Release|Any CPU.Build.0 = Release|Any CPU
		{CB60564C-137A-4611-A407-BF833977DCA4}.Debug|Any CPU.ActiveCfg = Debug|Any CPU
		{CB60564C-137A-4611-A407-BF833977DCA4}.Debug|Any CPU.Build.0 = Debug|Any CPU
		{CB60564C-137A-4611-A407-BF833977DCA4}.Release|Any CPU.ActiveCfg = Release|Any CPU
		{CB60564C-137A-4611-A407-BF833977DCA4}.Release|Any CPU.Build.0 = Release|Any CPU
		{97B0DD20-AD13-43A2-904F-A8363C744A52}.Debug|Any CPU.ActiveCfg = Debug|Any CPU
		{97B0DD20-AD13-43A2-904F-A8363C744A52}.Debug|Any CPU.Build.0 = Debug|Any CPU
		{97B0DD20-AD13-43A2-904F-A8363C744A52}.Release|Any CPU.ActiveCfg = Release|Any CPU
		{97B0DD20-AD13-43A2-904F-A8363C744A52}.Release|Any CPU.Build.0 = Release|Any CPU
		{E84EEBE8-F0A0-4465-9CCE-709E7A2A5932}.Debug|Any CPU.ActiveCfg = Debug|Any CPU
		{E84EEBE8-F0A0-4465-9CCE-709E7A2A5932}.Debug|Any CPU.Build.0 = Debug|Any CPU
		{E84EEBE8-F0A0-4465-9CCE-709E7A2A5932}.Release|Any CPU.ActiveCfg = Release|Any CPU
		{E84EEBE8-F0A0-4465-9CCE-709E7A2A5932}.Release|Any CPU.Build.0 = Release|Any CPU
	EndGlobalSection
	GlobalSection(SolutionProperties) = preSolution
		HideSolutionNode = FALSE
	EndGlobalSection
EndGlobal
