
Microsoft Visual Studio Solution File, Format Version 12.00
# Visual Studio Version 17
VisualStudioVersion = 17.12.35527.113
MinimumVisualStudioVersion = 10.0.40219.1
Project("{FAE04EC0-301F-11D3-BF4B-00C04F79EFBC}") = "Polindrome", "LetcodeProblems\Polindrome.csproj", "{419DF604-9F5B-414F-A668-DB0228611969}"
EndProject
Project("{FAE04EC0-301F-11D3-BF4B-00C04F79EFBC}") = "RomanToInt", "RomanToInt\RomanToInt.csproj", "{8667A05B-7A32-4E63-A256-7625DDFA38E4}"
EndProject
Project("{FAE04EC0-301F-11D3-BF4B-00C04F79EFBC}") = "LongostCommonPrefix", "LongostCommonPrefix\LongostCommonPrefix.csproj", "{A6D70D9A-4337-4348-8580-B29F38BF561E}"
EndProject
Project("{FAE04EC0-301F-11D3-BF4B-00C04F79EFBC}") = "Valid Parentheses", "Valid Parentheses\Valid Parentheses.csproj", "{F5F8818D-3C74-4725-A8BB-12D8BF0897D0}"
EndProject
Project("{FAE04EC0-301F-11D3-BF4B-00C04F79EFBC}") = "MergeTwoSortedList", "MergeTwoSortedList\MergeTwoSortedList.csproj", "{3F3EDA2F-6A05-4831-984C-B809D01836AD}"
EndProject
Project("{FAE04EC0-301F-11D3-BF4B-00C04F79EFBC}") = "RemoveDuplicatesFromSortedArray", "RemoveDuplicatesFromSortedArray\RemoveDuplicatesFromSortedArray.csproj", "{3D1DF26A-B312-4B73-9A43-DE951FF2A55F}"
EndProject
Project("{FAE04EC0-301F-11D3-BF4B-00C04F79EFBC}") = "RemoveElement", "RemoveElement\RemoveElement.csproj", "{FE34D27C-1A95-4A26-A4C6-775FF0C01297}"
EndProject
Project("{FAE04EC0-301F-11D3-BF4B-00C04F79EFBC}") = "FindTheIndex", "FindTheIndex\FindTheIndex.csproj", "{7BCF084D-5630-487C-9B8D-06F2D87B7F1F}"
EndProject
Project("{FAE04EC0-301F-11D3-BF4B-00C04F79EFBC}") = "SearchInsertPosition", "SearchInsertPosition\SearchInsertPosition.csproj", "{A460CB73-ABA2-4497-9497-12D4BCBE7DA1}"
EndProject
Project("{FAE04EC0-301F-11D3-BF4B-00C04F79EFBC}") = "LengthOfLastWord", "LengthOfLastWord\LengthOfLastWord.csproj", "{538FD93F-75CD-4148-A7D3-825B91FDDD93}"
EndProject
Project("{FAE04EC0-301F-11D3-BF4B-00C04F79EFBC}") = "PlusOne", "PlusOne\PlusOne.csproj", "{746F7BDE-31DF-4D6D-82DA-29675A0E09BE}"
EndProject
Project("{FAE04EC0-301F-11D3-BF4B-00C04F79EFBC}") = "AddBinary", "AddBinary\AddBinary.csproj", "{241D2F2D-302B-486F-BA4E-304C426A34E1}"
EndProject
Project("{FAE04EC0-301F-11D3-BF4B-00C04F79EFBC}") = "Sqrt", "Sqrt\Sqrt.csproj", "{9F97C3DB-D41C-411F-B78D-30FC2DED6363}"
EndProject
Global
	GlobalSection(SolutionConfigurationPlatforms) = preSolution
		Debug|Any CPU = Debug|Any CPU
		Release|Any CPU = Release|Any CPU
	EndGlobalSection
	GlobalSection(ProjectConfigurationPlatforms) = postSolution
		{419DF604-9F5B-414F-A668-DB0228611969}.Debug|Any CPU.ActiveCfg = Debug|Any CPU
		{419DF604-9F5B-414F-A668-DB0228611969}.Debug|Any CPU.Build.0 = Debug|Any CPU
		{419DF604-9F5B-414F-A668-DB0228611969}.Release|Any CPU.ActiveCfg = Release|Any CPU
		{419DF604-9F5B-414F-A668-DB0228611969}.Release|Any CPU.Build.0 = Release|Any CPU
		{8667A05B-7A32-4E63-A256-7625DDFA38E4}.Debug|Any CPU.ActiveCfg = Debug|Any CPU
		{8667A05B-7A32-4E63-A256-7625DDFA38E4}.Debug|Any CPU.Build.0 = Debug|Any CPU
		{8667A05B-7A32-4E63-A256-7625DDFA38E4}.Release|Any CPU.ActiveCfg = Release|Any CPU
		{8667A05B-7A32-4E63-A256-7625DDFA38E4}.Release|Any CPU.Build.0 = Release|Any CPU
		{A6D70D9A-4337-4348-8580-B29F38BF561E}.Debug|Any CPU.ActiveCfg = Debug|Any CPU
		{A6D70D9A-4337-4348-8580-B29F38BF561E}.Debug|Any CPU.Build.0 = Debug|Any CPU
		{A6D70D9A-4337-4348-8580-B29F38BF561E}.Release|Any CPU.ActiveCfg = Release|Any CPU
		{A6D70D9A-4337-4348-8580-B29F38BF561E}.Release|Any CPU.Build.0 = Release|Any CPU
		{F5F8818D-3C74-4725-A8BB-12D8BF0897D0}.Debug|Any CPU.ActiveCfg = Debug|Any CPU
		{F5F8818D-3C74-4725-A8BB-12D8BF0897D0}.Debug|Any CPU.Build.0 = Debug|Any CPU
		{F5F8818D-3C74-4725-A8BB-12D8BF0897D0}.Release|Any CPU.ActiveCfg = Release|Any CPU
		{F5F8818D-3C74-4725-A8BB-12D8BF0897D0}.Release|Any CPU.Build.0 = Release|Any CPU
		{3F3EDA2F-6A05-4831-984C-B809D01836AD}.Debug|Any CPU.ActiveCfg = Debug|Any CPU
		{3F3EDA2F-6A05-4831-984C-B809D01836AD}.Debug|Any CPU.Build.0 = Debug|Any CPU
		{3F3EDA2F-6A05-4831-984C-B809D01836AD}.Release|Any CPU.ActiveCfg = Release|Any CPU
		{3F3EDA2F-6A05-4831-984C-B809D01836AD}.Release|Any CPU.Build.0 = Release|Any CPU
		{3D1DF26A-B312-4B73-9A43-DE951FF2A55F}.Debug|Any CPU.ActiveCfg = Debug|Any CPU
		{3D1DF26A-B312-4B73-9A43-DE951FF2A55F}.Debug|Any CPU.Build.0 = Debug|Any CPU
		{3D1DF26A-B312-4B73-9A43-DE951FF2A55F}.Release|Any CPU.ActiveCfg = Release|Any CPU
		{3D1DF26A-B312-4B73-9A43-DE951FF2A55F}.Release|Any CPU.Build.0 = Release|Any CPU
		{FE34D27C-1A95-4A26-A4C6-775FF0C01297}.Debug|Any CPU.ActiveCfg = Debug|Any CPU
		{FE34D27C-1A95-4A26-A4C6-775FF0C01297}.Debug|Any CPU.Build.0 = Debug|Any CPU
		{FE34D27C-1A95-4A26-A4C6-775FF0C01297}.Release|Any CPU.ActiveCfg = Release|Any CPU
		{FE34D27C-1A95-4A26-A4C6-775FF0C01297}.Release|Any CPU.Build.0 = Release|Any CPU
		{7BCF084D-5630-487C-9B8D-06F2D87B7F1F}.Debug|Any CPU.ActiveCfg = Debug|Any CPU
		{7BCF084D-5630-487C-9B8D-06F2D87B7F1F}.Debug|Any CPU.Build.0 = Debug|Any CPU
		{7BCF084D-5630-487C-9B8D-06F2D87B7F1F}.Release|Any CPU.ActiveCfg = Release|Any CPU
		{7BCF084D-5630-487C-9B8D-06F2D87B7F1F}.Release|Any CPU.Build.0 = Release|Any CPU
		{A460CB73-ABA2-4497-9497-12D4BCBE7DA1}.Debug|Any CPU.ActiveCfg = Debug|Any CPU
		{A460CB73-ABA2-4497-9497-12D4BCBE7DA1}.Debug|Any CPU.Build.0 = Debug|Any CPU
		{A460CB73-ABA2-4497-9497-12D4BCBE7DA1}.Release|Any CPU.ActiveCfg = Release|Any CPU
		{A460CB73-ABA2-4497-9497-12D4BCBE7DA1}.Release|Any CPU.Build.0 = Release|Any CPU
		{538FD93F-75CD-4148-A7D3-825B91FDDD93}.Debug|Any CPU.ActiveCfg = Debug|Any CPU
		{538FD93F-75CD-4148-A7D3-825B91FDDD93}.Debug|Any CPU.Build.0 = Debug|Any CPU
		{538FD93F-75CD-4148-A7D3-825B91FDDD93}.Release|Any CPU.ActiveCfg = Release|Any CPU
		{538FD93F-75CD-4148-A7D3-825B91FDDD93}.Release|Any CPU.Build.0 = Release|Any CPU
		{746F7BDE-31DF-4D6D-82DA-29675A0E09BE}.Debug|Any CPU.ActiveCfg = Debug|Any CPU
		{746F7BDE-31DF-4D6D-82DA-29675A0E09BE}.Debug|Any CPU.Build.0 = Debug|Any CPU
		{746F7BDE-31DF-4D6D-82DA-29675A0E09BE}.Release|Any CPU.ActiveCfg = Release|Any CPU
		{746F7BDE-31DF-4D6D-82DA-29675A0E09BE}.Release|Any CPU.Build.0 = Release|Any CPU
		{241D2F2D-302B-486F-BA4E-304C426A34E1}.Debug|Any CPU.ActiveCfg = Debug|Any CPU
		{241D2F2D-302B-486F-BA4E-304C426A34E1}.Debug|Any CPU.Build.0 = Debug|Any CPU
		{241D2F2D-302B-486F-BA4E-304C426A34E1}.Release|Any CPU.ActiveCfg = Release|Any CPU
		{241D2F2D-302B-486F-BA4E-304C426A34E1}.Release|Any CPU.Build.0 = Release|Any CPU
		{9F97C3DB-D41C-411F-B78D-30FC2DED6363}.Debug|Any CPU.ActiveCfg = Debug|Any CPU
		{9F97C3DB-D41C-411F-B78D-30FC2DED6363}.Debug|Any CPU.Build.0 = Debug|Any CPU
		{9F97C3DB-D41C-411F-B78D-30FC2DED6363}.Release|Any CPU.ActiveCfg = Release|Any CPU
		{9F97C3DB-D41C-411F-B78D-30FC2DED6363}.Release|Any CPU.Build.0 = Release|Any CPU
	EndGlobalSection
	GlobalSection(SolutionProperties) = preSolution
		HideSolutionNode = FALSE
	EndGlobalSection
EndGlobal
